# This file is automatically @generated by Cargo.
# It is not intended for manual editing.
version = 4

[[package]]
name = "cow_vec"
version = "1.4.0"
source = "registry+https://github.com/rust-lang/crates.io-index"
checksum = "277f634e9612422239e1a63ffb18db0cc4976d6f4013760b37990a78aa22bc93"
dependencies = [
 "typed-arena",
]

[[package]]
name = "poorgrad"
version = "0.1.0"
dependencies = [
 "cow_vec",
]

[[package]]
name = "typed-arena"
version = "2.0.2"
source = "registry+https://github.com/rust-lang/crates.io-index"
checksum = "6af6ae20167a9ece4bcb41af5b80f8a1f1df981f6391189ce00fd257af04126a"
